
Microsoft Visual Studio Solution File, Format Version 12.00
# Visual Studio Version 16
VisualStudioVersion = 16.0.32802.440
MinimumVisualStudioVersion = 10.0.40219.1
Project("{888888A0-9F3D-457C-B088-3A5042F75D52}") = "Password Checker 2000", "Password Checker 2000\Password Checker 2000.pyproj", "{D5DF837B-525C-4AB7-ABC4-05958D25D665}"
EndProject
Global
	GlobalSection(SolutionConfigurationPlatforms) = preSolution
		Debug|Any CPU = Debug|Any CPU
		Release|Any CPU = Release|Any CPU
	EndGlobalSection
	GlobalSection(ProjectConfigurationPlatforms) = postSolution
		{D5DF837B-525C-4AB7-ABC4-05958D25D665}.Debug|Any CPU.ActiveCfg = Debug|Any CPU
		{D5DF837B-525C-4AB7-ABC4-05958D25D665}.Release|Any CPU.ActiveCfg = Release|Any CPU
	EndGlobalSection
	GlobalSection(SolutionProperties) = preSolution
		HideSolutionNode = FALSE
	EndGlobalSection
	GlobalSection(ExtensibilityGlobals) = postSolution
		SolutionGuid = {FC049B7B-03D4-4C10-8749-28C7876A016E}
	EndGlobalSection
EndGlobal
